
Microsoft Visual Studio Solution File, Format Version 12.00
# Visual Studio Version 16
VisualStudioVersion = 16.0.31410.357
MinimumVisualStudioVersion = 10.0.40219.1
Project("{FAE04EC0-301F-11D3-BF4B-00C04F79EFBC}") = "nexauth-client", "nexauth-client\nexauth-client.csproj", "{BB02B663-4301-42B5-8778-902C7F2D61FD}"
EndProject
Global
	GlobalSection(SolutionConfigurationPlatforms) = preSolution
		Debug|Any CPU = Debug|Any CPU
		Release|Any CPU = Release|Any CPU
	EndGlobalSection
	GlobalSection(ProjectConfigurationPlatforms) = postSolution
		{BB02B663-4301-42B5-8778-902C7F2D61FD}.Debug|Any CPU.ActiveCfg = Debug|Any CPU
		{BB02B663-4301-42B5-8778-902C7F2D61FD}.Debug|Any CPU.Build.0 = Debug|Any CPU
		{BB02B663-4301-42B5-8778-902C7F2D61FD}.Release|Any CPU.ActiveCfg = Release|Any CPU
		{BB02B663-4301-42B5-8778-902C7F2D61FD}.Release|Any CPU.Build.0 = Release|Any CPU
	EndGlobalSection
	GlobalSection(SolutionProperties) = preSolution
		HideSolutionNode = FALSE
	EndGlobalSection
	GlobalSection(ExtensibilityGlobals) = postSolution
		SolutionGuid = {78E948E8-54B2-4E43-B7B2-8F4D67CD17EC}
	EndGlobalSection
EndGlobal
