
Microsoft Visual Studio Solution File, Format Version 12.00
# Visual Studio Version 16
VisualStudioVersion = 16.0.31410.357
MinimumVisualStudioVersion = 10.0.40219.1
Project("{FAE04EC0-301F-11D3-BF4B-00C04F79EFBC}") = "nexauth-server", "nexauth-server\nexauth-server.csproj", "{D215A41B-99C4-48AC-985D-9FBD5EB0CFFD}"
EndProject
Global
	GlobalSection(SolutionConfigurationPlatforms) = preSolution
		Debug|Any CPU = Debug|Any CPU
		Release|Any CPU = Release|Any CPU
	EndGlobalSection
	GlobalSection(ProjectConfigurationPlatforms) = postSolution
		{D215A41B-99C4-48AC-985D-9FBD5EB0CFFD}.Debug|Any CPU.ActiveCfg = Debug|Any CPU
		{D215A41B-99C4-48AC-985D-9FBD5EB0CFFD}.Debug|Any CPU.Build.0 = Debug|Any CPU
		{D215A41B-99C4-48AC-985D-9FBD5EB0CFFD}.Release|Any CPU.ActiveCfg = Release|Any CPU
		{D215A41B-99C4-48AC-985D-9FBD5EB0CFFD}.Release|Any CPU.Build.0 = Release|Any CPU
	EndGlobalSection
	GlobalSection(SolutionProperties) = preSolution
		HideSolutionNode = FALSE
	EndGlobalSection
	GlobalSection(ExtensibilityGlobals) = postSolution
		SolutionGuid = {B65D850E-6DB7-48B2-9DF3-EC045F6DEC75}
	EndGlobalSection
EndGlobal
